
Microsoft Visual Studio Solution File, Format Version 12.00
# Visual Studio Version 17
VisualStudioVersion = 17.12.35521.163
MinimumVisualStudioVersion = 10.0.40219.1
Project("{2150E333-8FDC-42A3-9474-1A3956D46DE8}") = "src", "src", "{FBD06C17-A6ED-4209-B6D1-FF7A136AC523}"
EndProject
Project("{2150E333-8FDC-42A3-9474-1A3956D46DE8}") = "test", "test", "{36A57E0E-ED01-44E6-9E6A-D11693E41833}"
EndProject
Project("{FAE04EC0-301F-11D3-BF4B-00C04F79EFBC}") = "FrioAPI.Api", "src\FrioAPI.Api\FrioAPI.Api.csproj", "{BAECF526-4B72-4093-8AE8-599D6498519E}"
EndProject
Project("{FAE04EC0-301F-11D3-BF4B-00C04F79EFBC}") = "FrioAPI.Application", "src\FrioAPI.Application\FrioAPI.Application.csproj", "{4D7F6609-9699-446F-81EB-73C2C57342CD}"
EndProject
Project("{FAE04EC0-301F-11D3-BF4B-00C04F79EFBC}") = "FrioAPI.Communication", "src\FrioAPI.Communication\FrioAPI.Communication.csproj", "{46B1EE8E-A0D5-4510-BD5C-D0C0737E50FD}"
EndProject
Project("{FAE04EC0-301F-11D3-BF4B-00C04F79EFBC}") = "FrioAPI.Domain", "src\FrioAPI.Domain\FrioAPI.Domain.csproj", "{A7095DD4-C065-49EF-8EED-63BDC10781E3}"
EndProject
Project("{FAE04EC0-301F-11D3-BF4B-00C04F79EFBC}") = "FrioAPI.Infrastructure", "src\FrioAPI.Infrastructure\FrioAPI.Infrastructure.csproj", "{05479726-E673-4347-945A-43261E7ED685}"
EndProject
Project("{FAE04EC0-301F-11D3-BF4B-00C04F79EFBC}") = "FrioAPI.Exception", "src\FrioAPI.Exception\FrioAPI.Exception.csproj", "{F93A7BE4-5DD2-47DD-844F-FB8C612362EC}"
EndProject
Global
	GlobalSection(SolutionConfigurationPlatforms) = preSolution
		Debug|Any CPU = Debug|Any CPU
		Release|Any CPU = Release|Any CPU
	EndGlobalSection
	GlobalSection(ProjectConfigurationPlatforms) = postSolution
		{BAECF526-4B72-4093-8AE8-599D6498519E}.Debug|Any CPU.ActiveCfg = Debug|Any CPU
		{BAECF526-4B72-4093-8AE8-599D6498519E}.Debug|Any CPU.Build.0 = Debug|Any CPU
		{BAECF526-4B72-4093-8AE8-599D6498519E}.Release|Any CPU.ActiveCfg = Release|Any CPU
		{BAECF526-4B72-4093-8AE8-599D6498519E}.Release|Any CPU.Build.0 = Release|Any CPU
		{4D7F6609-9699-446F-81EB-73C2C57342CD}.Debug|Any CPU.ActiveCfg = Debug|Any CPU
		{4D7F6609-9699-446F-81EB-73C2C57342CD}.Debug|Any CPU.Build.0 = Debug|Any CPU
		{4D7F6609-9699-446F-81EB-73C2C57342CD}.Release|Any CPU.ActiveCfg = Release|Any CPU
		{4D7F6609-9699-446F-81EB-73C2C57342CD}.Release|Any CPU.Build.0 = Release|Any CPU
		{46B1EE8E-A0D5-4510-BD5C-D0C0737E50FD}.Debug|Any CPU.ActiveCfg = Debug|Any CPU
		{46B1EE8E-A0D5-4510-BD5C-D0C0737E50FD}.Debug|Any CPU.Build.0 = Debug|Any CPU
		{46B1EE8E-A0D5-4510-BD5C-D0C0737E50FD}.Release|Any CPU.ActiveCfg = Release|Any CPU
		{46B1EE8E-A0D5-4510-BD5C-D0C0737E50FD}.Release|Any CPU.Build.0 = Release|Any CPU
		{A7095DD4-C065-49EF-8EED-63BDC10781E3}.Debug|Any CPU.ActiveCfg = Debug|Any CPU
		{A7095DD4-C065-49EF-8EED-63BDC10781E3}.Debug|Any CPU.Build.0 = Debug|Any CPU
		{A7095DD4-C065-49EF-8EED-63BDC10781E3}.Release|Any CPU.ActiveCfg = Release|Any CPU
		{A7095DD4-C065-49EF-8EED-63BDC10781E3}.Release|Any CPU.Build.0 = Release|Any CPU
		{05479726-E673-4347-945A-43261E7ED685}.Debug|Any CPU.ActiveCfg = Debug|Any CPU
		{05479726-E673-4347-945A-43261E7ED685}.Debug|Any CPU.Build.0 = Debug|Any CPU
		{05479726-E673-4347-945A-43261E7ED685}.Release|Any CPU.ActiveCfg = Release|Any CPU
		{05479726-E673-4347-945A-43261E7ED685}.Release|Any CPU.Build.0 = Release|Any CPU
		{F93A7BE4-5DD2-47DD-844F-FB8C612362EC}.Debug|Any CPU.ActiveCfg = Debug|Any CPU
		{F93A7BE4-5DD2-47DD-844F-FB8C612362EC}.Debug|Any CPU.Build.0 = Debug|Any CPU
		{F93A7BE4-5DD2-47DD-844F-FB8C612362EC}.Release|Any CPU.ActiveCfg = Release|Any CPU
		{F93A7BE4-5DD2-47DD-844F-FB8C612362EC}.Release|Any CPU.Build.0 = Release|Any CPU
	EndGlobalSection
	GlobalSection(SolutionProperties) = preSolution
		HideSolutionNode = FALSE
	EndGlobalSection
	GlobalSection(NestedProjects) = preSolution
		{BAECF526-4B72-4093-8AE8-599D6498519E} = {FBD06C17-A6ED-4209-B6D1-FF7A136AC523}
		{4D7F6609-9699-446F-81EB-73C2C57342CD} = {FBD06C17-A6ED-4209-B6D1-FF7A136AC523}
		{46B1EE8E-A0D5-4510-BD5C-D0C0737E50FD} = {FBD06C17-A6ED-4209-B6D1-FF7A136AC523}
		{A7095DD4-C065-49EF-8EED-63BDC10781E3} = {FBD06C17-A6ED-4209-B6D1-FF7A136AC523}
		{05479726-E673-4347-945A-43261E7ED685} = {FBD06C17-A6ED-4209-B6D1-FF7A136AC523}
		{F93A7BE4-5DD2-47DD-844F-FB8C612362EC} = {FBD06C17-A6ED-4209-B6D1-FF7A136AC523}
	EndGlobalSection
	GlobalSection(ExtensibilityGlobals) = postSolution
		SolutionGuid = {B22F8FD4-3E9E-4963-B719-CE444F26EDF5}
	EndGlobalSection
EndGlobal
